
Microsoft Visual Studio Solution File, Format Version 12.00
# Visual Studio Version 17
VisualStudioVersion = 17.5.33414.496
MinimumVisualStudioVersion = 10.0.40219.1
Project("{9A19103F-16F7-4668-BE54-9A1E7A4F7556}") = "Accreditation-Watch.Server", "Server\Accreditation-Watch.Server.csproj", "{31CAF390-8E23-42DD-9C32-16342F837E8D}"
EndProject
Project("{9A19103F-16F7-4668-BE54-9A1E7A4F7556}") = "Accreditation-Watch.Client", "Client\Accreditation-Watch.Client.csproj", "{4CFAB530-048F-4FBD-8DB3-562E2EEBF057}"
EndProject
Project("{9A19103F-16F7-4668-BE54-9A1E7A4F7556}") = "Accreditation-Watch.Shared", "Shared\Accreditation-Watch.Shared.csproj", "{3A39B9E9-4572-4718-9318-D165D7CBA57D}"
EndProject
Global
	GlobalSection(SolutionConfigurationPlatforms) = preSolution
		Debug|Any CPU = Debug|Any CPU
		Release|Any CPU = Release|Any CPU
	EndGlobalSection
	GlobalSection(ProjectConfigurationPlatforms) = postSolution
		{31CAF390-8E23-42DD-9C32-16342F837E8D}.Debug|Any CPU.ActiveCfg = Debug|Any CPU
		{31CAF390-8E23-42DD-9C32-16342F837E8D}.Debug|Any CPU.Build.0 = Debug|Any CPU
		{31CAF390-8E23-42DD-9C32-16342F837E8D}.Release|Any CPU.ActiveCfg = Release|Any CPU
		{31CAF390-8E23-42DD-9C32-16342F837E8D}.Release|Any CPU.Build.0 = Release|Any CPU
		{4CFAB530-048F-4FBD-8DB3-562E2EEBF057}.Debug|Any CPU.ActiveCfg = Debug|Any CPU
		{4CFAB530-048F-4FBD-8DB3-562E2EEBF057}.Debug|Any CPU.Build.0 = Debug|Any CPU
		{4CFAB530-048F-4FBD-8DB3-562E2EEBF057}.Release|Any CPU.ActiveCfg = Release|Any CPU
		{4CFAB530-048F-4FBD-8DB3-562E2EEBF057}.Release|Any CPU.Build.0 = Release|Any CPU
		{3A39B9E9-4572-4718-9318-D165D7CBA57D}.Debug|Any CPU.ActiveCfg = Debug|Any CPU
		{3A39B9E9-4572-4718-9318-D165D7CBA57D}.Debug|Any CPU.Build.0 = Debug|Any CPU
		{3A39B9E9-4572-4718-9318-D165D7CBA57D}.Release|Any CPU.ActiveCfg = Release|Any CPU
		{3A39B9E9-4572-4718-9318-D165D7CBA57D}.Release|Any CPU.Build.0 = Release|Any CPU
	EndGlobalSection
	GlobalSection(SolutionProperties) = preSolution
		HideSolutionNode = FALSE
	EndGlobalSection
	GlobalSection(ExtensibilityGlobals) = postSolution
		SolutionGuid = {DDF0D45B-C019-4DC2-9EE6-5876C0F5A138}
	EndGlobalSection
EndGlobal
